
Microsoft Visual Studio Solution File, Format Version 12.00
# Visual Studio Version 17
VisualStudioVersion = 17.0.31903.59
MinimumVisualStudioVersion = 10.0.40219.1
Project("{2150E333-8FDC-42A3-9474-1A3956D46DE8}") = "Services", "Services", "{6FB878CA-8762-476D-AE5B-FF06A484D85E}"
EndProject
Project("{2150E333-8FDC-42A3-9474-1A3956D46DE8}") = "Catalog", "Catalog", "{19A192FF-57B5-46B5-BDCE-CA180450C193}"
EndProject
Project("{9A19103F-16F7-4668-BE54-9A1E7A4F7556}") = "Catalog.API", "Services\Catalog\Catalog.API\Catalog.API.csproj", "{796A17D3-BBEF-41FF-BB1C-15CBBD7D322D}"
EndProject
Project("{2150E333-8FDC-42A3-9474-1A3956D46DE8}") = "BuildingBlocks", "BuildingBlocks", "{01088359-258E-4876-A93C-A31DDE4FE64A}"
EndProject
Project("{9A19103F-16F7-4668-BE54-9A1E7A4F7556}") = "BuildingBlocks", "BuildingBlocks\BuildingBlocks\BuildingBlocks.csproj", "{E80E7D08-4EFA-4D20-9477-9E5474709D5F}"
EndProject
Project("{E53339B2-1760-4266-BCC7-CA923CBCF16C}") = "docker-compose", "docker-compose.dcproj", "{D1FF0733-1395-4060-9929-2E216EA134F3}"
EndProject
Project("{2150E333-8FDC-42A3-9474-1A3956D46DE8}") = "Basket", "Basket", "{68239DB4-2F04-49AB-B460-306E44834B6C}"
EndProject
Project("{9A19103F-16F7-4668-BE54-9A1E7A4F7556}") = "Basket.API", "Services\Basket\Basket.API\Basket.API.csproj", "{B83D1BDC-FEBE-469F-B9C3-26239BAEFEC6}"
EndProject
Project("{2150E333-8FDC-42A3-9474-1A3956D46DE8}") = "Discount", "Discount", "{A451E6D8-FC39-4CD7-9E9D-B134F1BD61AB}"
EndProject
Project("{9A19103F-16F7-4668-BE54-9A1E7A4F7556}") = "Discount.Grpc", "Services\Discount\Discount.Grpc\Discount.Grpc.csproj", "{AC8488E0-364C-43C9-9117-DDC3D7B06ED5}"
EndProject
Project("{2150E333-8FDC-42A3-9474-1A3956D46DE8}") = "Ordering", "Ordering", "{79157686-5651-46D9-B65C-09347F71F76F}"
EndProject
Project("{9A19103F-16F7-4668-BE54-9A1E7A4F7556}") = "Ordering.Domain", "Services\Ordering\Ordering.Domain\Ordering.Domain.csproj", "{D255AA0B-9BCF-45E4-A47B-BFA770A7C210}"
EndProject
Project("{9A19103F-16F7-4668-BE54-9A1E7A4F7556}") = "Ordering.Application", "Services\Ordering\Ordering.Application\Ordering.Application.csproj", "{17E54BA6-5CAA-45A0-B0DB-E491569C62EF}"
EndProject
Project("{9A19103F-16F7-4668-BE54-9A1E7A4F7556}") = "Ordering.Infrastructure", "Services\Ordering\Ordering.Infrastructure\Ordering.Infrastructure.csproj", "{5322CF1C-CE0B-4D51-AE91-67EBA52E7947}"
EndProject
Project("{9A19103F-16F7-4668-BE54-9A1E7A4F7556}") = "Ordering.API", "Services\Ordering\Ordering.API\Ordering.API.csproj", "{069F1853-7F12-4E30-A7D5-021156701E96}"
EndProject
Project("{FAE04EC0-301F-11D3-BF4B-00C04F79EFBC}") = "BuildingBlocks.Messaging", "BuildingBlocks\BuildingBlocks.Messaging\BuildingBlocks.Messaging.csproj", "{BD286633-F099-424F-B1A3-18FD5ECB374C}"
EndProject
Global
	GlobalSection(SolutionConfigurationPlatforms) = preSolution
		Debug|Any CPU = Debug|Any CPU
		Release|Any CPU = Release|Any CPU
	EndGlobalSection
	GlobalSection(ProjectConfigurationPlatforms) = postSolution
		{796A17D3-BBEF-41FF-BB1C-15CBBD7D322D}.Debug|Any CPU.ActiveCfg = Debug|Any CPU
		{796A17D3-BBEF-41FF-BB1C-15CBBD7D322D}.Debug|Any CPU.Build.0 = Debug|Any CPU
		{796A17D3-BBEF-41FF-BB1C-15CBBD7D322D}.Release|Any CPU.ActiveCfg = Release|Any CPU
		{796A17D3-BBEF-41FF-BB1C-15CBBD7D322D}.Release|Any CPU.Build.0 = Release|Any CPU
		{E80E7D08-4EFA-4D20-9477-9E5474709D5F}.Debug|Any CPU.ActiveCfg = Debug|Any CPU
		{E80E7D08-4EFA-4D20-9477-9E5474709D5F}.Debug|Any CPU.Build.0 = Debug|Any CPU
		{E80E7D08-4EFA-4D20-9477-9E5474709D5F}.Release|Any CPU.ActiveCfg = Release|Any CPU
		{E80E7D08-4EFA-4D20-9477-9E5474709D5F}.Release|Any CPU.Build.0 = Release|Any CPU
		{D1FF0733-1395-4060-9929-2E216EA134F3}.Debug|Any CPU.ActiveCfg = Debug|Any CPU
		{D1FF0733-1395-4060-9929-2E216EA134F3}.Debug|Any CPU.Build.0 = Debug|Any CPU
		{D1FF0733-1395-4060-9929-2E216EA134F3}.Release|Any CPU.ActiveCfg = Release|Any CPU
		{D1FF0733-1395-4060-9929-2E216EA134F3}.Release|Any CPU.Build.0 = Release|Any CPU
		{B83D1BDC-FEBE-469F-B9C3-26239BAEFEC6}.Debug|Any CPU.ActiveCfg = Debug|Any CPU
		{B83D1BDC-FEBE-469F-B9C3-26239BAEFEC6}.Debug|Any CPU.Build.0 = Debug|Any CPU
		{B83D1BDC-FEBE-469F-B9C3-26239BAEFEC6}.Release|Any CPU.ActiveCfg = Release|Any CPU
		{B83D1BDC-FEBE-469F-B9C3-26239BAEFEC6}.Release|Any CPU.Build.0 = Release|Any CPU
		{AC8488E0-364C-43C9-9117-DDC3D7B06ED5}.Debug|Any CPU.ActiveCfg = Debug|Any CPU
		{AC8488E0-364C-43C9-9117-DDC3D7B06ED5}.Debug|Any CPU.Build.0 = Debug|Any CPU
		{AC8488E0-364C-43C9-9117-DDC3D7B06ED5}.Release|Any CPU.ActiveCfg = Release|Any CPU
		{AC8488E0-364C-43C9-9117-DDC3D7B06ED5}.Release|Any CPU.Build.0 = Release|Any CPU
		{D255AA0B-9BCF-45E4-A47B-BFA770A7C210}.Debug|Any CPU.ActiveCfg = Debug|Any CPU
		{D255AA0B-9BCF-45E4-A47B-BFA770A7C210}.Debug|Any CPU.Build.0 = Debug|Any CPU
		{D255AA0B-9BCF-45E4-A47B-BFA770A7C210}.Release|Any CPU.ActiveCfg = Release|Any CPU
		{D255AA0B-9BCF-45E4-A47B-BFA770A7C210}.Release|Any CPU.Build.0 = Release|Any CPU
		{17E54BA6-5CAA-45A0-B0DB-E491569C62EF}.Debug|Any CPU.ActiveCfg = Debug|Any CPU
		{17E54BA6-5CAA-45A0-B0DB-E491569C62EF}.Debug|Any CPU.Build.0 = Debug|Any CPU
		{17E54BA6-5CAA-45A0-B0DB-E491569C62EF}.Release|Any CPU.ActiveCfg = Release|Any CPU
		{17E54BA6-5CAA-45A0-B0DB-E491569C62EF}.Release|Any CPU.Build.0 = Release|Any CPU
		{5322CF1C-CE0B-4D51-AE91-67EBA52E7947}.Debug|Any CPU.ActiveCfg = Debug|Any CPU
		{5322CF1C-CE0B-4D51-AE91-67EBA52E7947}.Debug|Any CPU.Build.0 = Debug|Any CPU
		{5322CF1C-CE0B-4D51-AE91-67EBA52E7947}.Release|Any CPU.ActiveCfg = Release|Any CPU
		{5322CF1C-CE0B-4D51-AE91-67EBA52E7947}.Release|Any CPU.Build.0 = Release|Any CPU
		{069F1853-7F12-4E30-A7D5-021156701E96}.Debug|Any CPU.ActiveCfg = Debug|Any CPU
		{069F1853-7F12-4E30-A7D5-021156701E96}.Debug|Any CPU.Build.0 = Debug|Any CPU
		{069F1853-7F12-4E30-A7D5-021156701E96}.Release|Any CPU.ActiveCfg = Release|Any CPU
		{069F1853-7F12-4E30-A7D5-021156701E96}.Release|Any CPU.Build.0 = Release|Any CPU
		{BD286633-F099-424F-B1A3-18FD5ECB374C}.Debug|Any CPU.ActiveCfg = Debug|Any CPU
		{BD286633-F099-424F-B1A3-18FD5ECB374C}.Debug|Any CPU.Build.0 = Debug|Any CPU
		{BD286633-F099-424F-B1A3-18FD5ECB374C}.Release|Any CPU.ActiveCfg = Release|Any CPU
		{BD286633-F099-424F-B1A3-18FD5ECB374C}.Release|Any CPU.Build.0 = Release|Any CPU
	EndGlobalSection
	GlobalSection(SolutionProperties) = preSolution
		HideSolutionNode = FALSE
	EndGlobalSection
	GlobalSection(NestedProjects) = preSolution
		{19A192FF-57B5-46B5-BDCE-CA180450C193} = {6FB878CA-8762-476D-AE5B-FF06A484D85E}
		{796A17D3-BBEF-41FF-BB1C-15CBBD7D322D} = {19A192FF-57B5-46B5-BDCE-CA180450C193}
		{E80E7D08-4EFA-4D20-9477-9E5474709D5F} = {01088359-258E-4876-A93C-A31DDE4FE64A}
		{68239DB4-2F04-49AB-B460-306E44834B6C} = {6FB878CA-8762-476D-AE5B-FF06A484D85E}
		{B83D1BDC-FEBE-469F-B9C3-26239BAEFEC6} = {68239DB4-2F04-49AB-B460-306E44834B6C}
		{A451E6D8-FC39-4CD7-9E9D-B134F1BD61AB} = {6FB878CA-8762-476D-AE5B-FF06A484D85E}
		{AC8488E0-364C-43C9-9117-DDC3D7B06ED5} = {A451E6D8-FC39-4CD7-9E9D-B134F1BD61AB}
		{79157686-5651-46D9-B65C-09347F71F76F} = {6FB878CA-8762-476D-AE5B-FF06A484D85E}
		{D255AA0B-9BCF-45E4-A47B-BFA770A7C210} = {79157686-5651-46D9-B65C-09347F71F76F}
		{17E54BA6-5CAA-45A0-B0DB-E491569C62EF} = {79157686-5651-46D9-B65C-09347F71F76F}
		{5322CF1C-CE0B-4D51-AE91-67EBA52E7947} = {79157686-5651-46D9-B65C-09347F71F76F}
		{069F1853-7F12-4E30-A7D5-021156701E96} = {79157686-5651-46D9-B65C-09347F71F76F}
		{BD286633-F099-424F-B1A3-18FD5ECB374C} = {01088359-258E-4876-A93C-A31DDE4FE64A}
	EndGlobalSection
	GlobalSection(ExtensibilityGlobals) = postSolution
		SolutionGuid = {A7E7E4E4-656A-41F3-AA24-2159161BF2A3}
	EndGlobalSection
EndGlobal
